
Microsoft Visual Studio Solution File, Format Version 12.00
# Visual Studio Version 17
VisualStudioVersion = 17.2.32526.322
MinimumVisualStudioVersion = 10.0.40219.1
Project("{9A19103F-16F7-4668-BE54-9A1E7A4F7556}") = "gT_UndergroundAPI", "gT_UndergroundAPI\gT_UndergroundAPI.csproj", "{38F16D94-D666-474E-AEA0-7E29035239D5}"
EndProject
Project("{54A90642-561A-4BB1-A94E-469ADEE60C69}") = "gT_Underground", "gT_Underground\gT_Underground.esproj", "{72084EB9-9CE7-4EB5-9B7C-AB851BDA08E8}"
EndProject
Global
	GlobalSection(SolutionConfigurationPlatforms) = preSolution
		Debug|Any CPU = Debug|Any CPU
		Release|Any CPU = Release|Any CPU
	EndGlobalSection
	GlobalSection(ProjectConfigurationPlatforms) = postSolution
		{38F16D94-D666-474E-AEA0-7E29035239D5}.Debug|Any CPU.ActiveCfg = Debug|Any CPU
		{38F16D94-D666-474E-AEA0-7E29035239D5}.Debug|Any CPU.Build.0 = Debug|Any CPU
		{38F16D94-D666-474E-AEA0-7E29035239D5}.Release|Any CPU.ActiveCfg = Release|Any CPU
		{38F16D94-D666-474E-AEA0-7E29035239D5}.Release|Any CPU.Build.0 = Release|Any CPU
		{72084EB9-9CE7-4EB5-9B7C-AB851BDA08E8}.Debug|Any CPU.ActiveCfg = Debug|Any CPU
		{72084EB9-9CE7-4EB5-9B7C-AB851BDA08E8}.Debug|Any CPU.Build.0 = Debug|Any CPU
		{72084EB9-9CE7-4EB5-9B7C-AB851BDA08E8}.Debug|Any CPU.Deploy.0 = Debug|Any CPU
		{72084EB9-9CE7-4EB5-9B7C-AB851BDA08E8}.Release|Any CPU.ActiveCfg = Release|Any CPU
		{72084EB9-9CE7-4EB5-9B7C-AB851BDA08E8}.Release|Any CPU.Build.0 = Release|Any CPU
		{72084EB9-9CE7-4EB5-9B7C-AB851BDA08E8}.Release|Any CPU.Deploy.0 = Release|Any CPU
	EndGlobalSection
	GlobalSection(SolutionProperties) = preSolution
		HideSolutionNode = FALSE
	EndGlobalSection
	GlobalSection(ExtensibilityGlobals) = postSolution
		SolutionGuid = {C6AFAC94-162C-47FD-A188-7F25F7D0F2D0}
	EndGlobalSection
EndGlobal
