
Microsoft Visual Studio Solution File, Format Version 12.00
# Visual Studio Version 17
VisualStudioVersion = 17.5.33516.290
MinimumVisualStudioVersion = 10.0.40219.1
Project("{54A90642-561A-4BB1-A94E-469ADEE60C69}") = "GtUnderground", "angularapp\GtUnderground.esproj", "{26891D28-2460-410A-8FD1-9947C1574776}"
EndProject
Project("{9A19103F-16F7-4668-BE54-9A1E7A4F7556}") = "GtUndergroundAPI", "webapi\GtUndergroundAPI.csproj", "{3B2C7B2B-E158-45BE-A2BA-2F498C336B02}"
EndProject
Global
	GlobalSection(SolutionConfigurationPlatforms) = preSolution
		Debug|Any CPU = Debug|Any CPU
		Release|Any CPU = Release|Any CPU
	EndGlobalSection
	GlobalSection(ProjectConfigurationPlatforms) = postSolution
		{26891D28-2460-410A-8FD1-9947C1574776}.Debug|Any CPU.ActiveCfg = Debug|Any CPU
		{26891D28-2460-410A-8FD1-9947C1574776}.Debug|Any CPU.Build.0 = Debug|Any CPU
		{26891D28-2460-410A-8FD1-9947C1574776}.Debug|Any CPU.Deploy.0 = Debug|Any CPU
		{26891D28-2460-410A-8FD1-9947C1574776}.Release|Any CPU.ActiveCfg = Release|Any CPU
		{26891D28-2460-410A-8FD1-9947C1574776}.Release|Any CPU.Build.0 = Release|Any CPU
		{26891D28-2460-410A-8FD1-9947C1574776}.Release|Any CPU.Deploy.0 = Release|Any CPU
		{3B2C7B2B-E158-45BE-A2BA-2F498C336B02}.Debug|Any CPU.ActiveCfg = Debug|Any CPU
		{3B2C7B2B-E158-45BE-A2BA-2F498C336B02}.Debug|Any CPU.Build.0 = Debug|Any CPU
		{3B2C7B2B-E158-45BE-A2BA-2F498C336B02}.Release|Any CPU.ActiveCfg = Release|Any CPU
		{3B2C7B2B-E158-45BE-A2BA-2F498C336B02}.Release|Any CPU.Build.0 = Release|Any CPU
	EndGlobalSection
	GlobalSection(SolutionProperties) = preSolution
		HideSolutionNode = FALSE
	EndGlobalSection
	GlobalSection(ExtensibilityGlobals) = postSolution
		SolutionGuid = {32219CF8-35A4-491B-988E-8157DC84182E}
	EndGlobalSection
EndGlobal
